
Microsoft Visual Studio Solution File, Format Version 12.00
# Visual Studio Version 17
VisualStudioVersion = 17.9.34701.34
MinimumVisualStudioVersion = 10.0.40219.1
Project("{FAE04EC0-301F-11D3-BF4B-00C04F79EFBC}") = "ProjectAkhir-RAiso", "ProjectAkhir-RAiso\ProjectAkhir-RAiso.csproj", "{0E8FEB2A-2C0A-4227-B433-CD2905B8E87A}"
EndProject
Global
	GlobalSection(SolutionConfigurationPlatforms) = preSolution
		Debug|Any CPU = Debug|Any CPU
		Release|Any CPU = Release|Any CPU
	EndGlobalSection
	GlobalSection(ProjectConfigurationPlatforms) = postSolution
		{0E8FEB2A-2C0A-4227-B433-CD2905B8E87A}.Debug|Any CPU.ActiveCfg = Debug|Any CPU
		{0E8FEB2A-2C0A-4227-B433-CD2905B8E87A}.Debug|Any CPU.Build.0 = Debug|Any CPU
		{0E8FEB2A-2C0A-4227-B433-CD2905B8E87A}.Release|Any CPU.ActiveCfg = Release|Any CPU
		{0E8FEB2A-2C0A-4227-B433-CD2905B8E87A}.Release|Any CPU.Build.0 = Release|Any CPU
	EndGlobalSection
	GlobalSection(SolutionProperties) = preSolution
		HideSolutionNode = FALSE
	EndGlobalSection
	GlobalSection(ExtensibilityGlobals) = postSolution
		SolutionGuid = {D6F32A26-9C55-4CD8-9F23-21ED21E67D88}
	EndGlobalSection
EndGlobal
